
Microsoft Visual Studio Solution File, Format Version 12.00
# Visual Studio Version 17
VisualStudioVersion = 17.10.35013.160
MinimumVisualStudioVersion = 10.0.40219.1
Project("{F184B08F-C81C-45F6-A57F-5ABD9991F28F}") = "LibraryManagementSystem", "LibraryManagementSystem\LibraryManagementSystem.vbproj", "{BB887510-E0CD-4B6C-BC5B-BB2DEF50E544}"
EndProject
Global
	GlobalSection(SolutionConfigurationPlatforms) = preSolution
		Debug|Any CPU = Debug|Any CPU
		Release|Any CPU = Release|Any CPU
	EndGlobalSection
	GlobalSection(ProjectConfigurationPlatforms) = postSolution
		{BB887510-E0CD-4B6C-BC5B-BB2DEF50E544}.Debug|Any CPU.ActiveCfg = Debug|Any CPU
		{BB887510-E0CD-4B6C-BC5B-BB2DEF50E544}.Debug|Any CPU.Build.0 = Debug|Any CPU
		{BB887510-E0CD-4B6C-BC5B-BB2DEF50E544}.Release|Any CPU.ActiveCfg = Release|Any CPU
		{BB887510-E0CD-4B6C-BC5B-BB2DEF50E544}.Release|Any CPU.Build.0 = Release|Any CPU
	EndGlobalSection
	GlobalSection(SolutionProperties) = preSolution
		HideSolutionNode = FALSE
	EndGlobalSection
	GlobalSection(ExtensibilityGlobals) = postSolution
		SolutionGuid = {8F77D9B2-1588-44E6-95D2-54A710FCBCDE}
	EndGlobalSection
EndGlobal
